
Microsoft Visual Studio Solution File, Format Version 12.00
# Visual Studio 14
VisualStudioVersion = 14.0.24720.0
MinimumVisualStudioVersion = 10.0.40219.1
Project("{FAE04EC0-301F-11D3-BF4B-00C04F79EFBC}") = "SportSolution", "SportSolution\SportSolution.csproj", "{C13F778B-7536-400B-8CD4-78254480CBF8}"
EndProject
Project("{FAE04EC0-301F-11D3-BF4B-00C04F79EFBC}") = "SportSolution.Tests", "SportSolution.Tests\SportSolution.Tests.csproj", "{870CBC0F-3088-4535-B880-354F39DD8D7E}"
EndProject
Project("{FAE04EC0-301F-11D3-BF4B-00C04F79EFBC}") = "SportSolution.Domain", "SportSolution.Domain\SportSolution.Domain.csproj", "{FA9B8273-1808-459A-9367-52C6D05DC4DE}"
EndProject
Global
	GlobalSection(SolutionConfigurationPlatforms) = preSolution
		Debug|Any CPU = Debug|Any CPU
		Release|Any CPU = Release|Any CPU
	EndGlobalSection
	GlobalSection(ProjectConfigurationPlatforms) = postSolution
		{C13F778B-7536-400B-8CD4-78254480CBF8}.Debug|Any CPU.ActiveCfg = Debug|Any CPU
		{C13F778B-7536-400B-8CD4-78254480CBF8}.Debug|Any CPU.Build.0 = Debug|Any CPU
		{C13F778B-7536-400B-8CD4-78254480CBF8}.Release|Any CPU.ActiveCfg = Release|Any CPU
		{C13F778B-7536-400B-8CD4-78254480CBF8}.Release|Any CPU.Build.0 = Release|Any CPU
		{870CBC0F-3088-4535-B880-354F39DD8D7E}.Debug|Any CPU.ActiveCfg = Debug|Any CPU
		{870CBC0F-3088-4535-B880-354F39DD8D7E}.Debug|Any CPU.Build.0 = Debug|Any CPU
		{870CBC0F-3088-4535-B880-354F39DD8D7E}.Release|Any CPU.ActiveCfg = Release|Any CPU
		{870CBC0F-3088-4535-B880-354F39DD8D7E}.Release|Any CPU.Build.0 = Release|Any CPU
		{FA9B8273-1808-459A-9367-52C6D05DC4DE}.Debug|Any CPU.ActiveCfg = Debug|Any CPU
		{FA9B8273-1808-459A-9367-52C6D05DC4DE}.Debug|Any CPU.Build.0 = Debug|Any CPU
		{FA9B8273-1808-459A-9367-52C6D05DC4DE}.Release|Any CPU.ActiveCfg = Release|Any CPU
		{FA9B8273-1808-459A-9367-52C6D05DC4DE}.Release|Any CPU.Build.0 = Release|Any CPU
	EndGlobalSection
	GlobalSection(SolutionProperties) = preSolution
		HideSolutionNode = FALSE
	EndGlobalSection
EndGlobal
